
Microsoft Visual Studio Solution File, Format Version 12.00
# Visual Studio Version 17
VisualStudioVersion = 17.7.34024.191
MinimumVisualStudioVersion = 10.0.40219.1
Project("{9A19103F-16F7-4668-BE54-9A1E7A4F7556}") = "GeradorDeFolha", "GeradorDeFolha\GeradorDeFolha.csproj", "{8575512D-CB65-42B3-9C21-BCDBB02303CA}"
EndProject
Global
	GlobalSection(SolutionConfigurationPlatforms) = preSolution
		Debug|Any CPU = Debug|Any CPU
		Release|Any CPU = Release|Any CPU
	EndGlobalSection
	GlobalSection(ProjectConfigurationPlatforms) = postSolution
		{8575512D-CB65-42B3-9C21-BCDBB02303CA}.Debug|Any CPU.ActiveCfg = Debug|Any CPU
		{8575512D-CB65-42B3-9C21-BCDBB02303CA}.Debug|Any CPU.Build.0 = Debug|Any CPU
		{8575512D-CB65-42B3-9C21-BCDBB02303CA}.Release|Any CPU.ActiveCfg = Release|Any CPU
		{8575512D-CB65-42B3-9C21-BCDBB02303CA}.Release|Any CPU.Build.0 = Release|Any CPU
	EndGlobalSection
	GlobalSection(SolutionProperties) = preSolution
		HideSolutionNode = FALSE
	EndGlobalSection
	GlobalSection(ExtensibilityGlobals) = postSolution
		SolutionGuid = {E25ED24B-937A-44D6-9A51-4BCC76B1D22C}
	EndGlobalSection
EndGlobal
